<Solution>
  <Project Path="Unity.Mirror.CodeGen.csproj" />
  <Project Path="Assembly-CSharp.csproj" />
  <Project Path="Mirror.csproj" />
  <Project Path="Mirror.Components.csproj" />
  <Project Path="Telepathy.csproj" />
  <Project Path="Mirror.Editor.csproj" />
  <Project Path="SimpleWebTransport.csproj" />
  <Project Path="kcp2k.csproj" />
  <Project Path="Assembly-CSharp-Editor.csproj" />
  <Project Path="Unity.InputSystem.RebindingUI.csproj" />
  <Project Path="Mirror.CompilerSymbols.csproj" />
  <Project Path="where-allocations.csproj" />
  <Project Path="Mirror.Authenticators.csproj" />
</Solution>
